// !$*UTF8*$!
{
	archiveVersion = 1;
	classes = {
	};
	objectVersion = 50;
	objects = {

/* Begin PBXBuildFile section */
		0D2C8FD2220A7A4200FC2AEA /* GoogleService-Info.plist in Resources */ = {isa = PBXBuildFile; fileRef = 0D032B82220A6D39001ED51E /* GoogleService-Info.plist */; };
		0D2C8FD4220A887800FC2AEA /* TagList.swift in Sources */ = {isa = PBXBuildFile; fileRef = 0D2C8FD3220A887800FC2AEA /* TagList.swift */; };
		0D7D25B8220B9D02004A87C3 /* SignIn.swift in Sources */ = {isa = PBXBuildFile; fileRef = 0D7D25B4220B9D01004A87C3 /* SignIn.swift */; };
		0D7D25B9220B9D02004A87C3 /* SignUp.swift in Sources */ = {isa = PBXBuildFile; fileRef = 0D7D25B5220B9D01004A87C3 /* SignUp.swift */; };
		0D7D25BB220BA6A1004A87C3 /* TagData.rtf in Resources */ = {isa = PBXBuildFile; fileRef = 0D7D25BA220BA6A1004A87C3 /* TagData.rtf */; };
		3C81CC1B50DDC746DCEB9EA8 /* Pods_Studor.framework in Frameworks */ = {isa = PBXBuildFile; fileRef = 399BE7EBDB39893E19488E5F /* Pods_Studor.framework */; };
		49A1D8DE22066A170039EE3F /* ProfileViewController.swift in Sources */ = {isa = PBXBuildFile; fileRef = 49A1D8DD22066A170039EE3F /* ProfileViewController.swift */; };
		BEBA46982204EEA800E0D510 /* AppDelegate.swift in Sources */ = {isa = PBXBuildFile; fileRef = BEBA46972204EEA800E0D510 /* AppDelegate.swift */; };
		BEBA469A2204EEA800E0D510 /* ViewController.swift in Sources */ = {isa = PBXBuildFile; fileRef = BEBA46992204EEA800E0D510 /* ViewController.swift */; };
		BEBA469D2204EEA800E0D510 /* Main.storyboard in Resources */ = {isa = PBXBuildFile; fileRef = BEBA469B2204EEA800E0D510 /* Main.storyboard */; };
		BEBA469F2204EEAA00E0D510 /* Assets.xcassets in Resources */ = {isa = PBXBuildFile; fileRef = BEBA469E2204EEAA00E0D510 /* Assets.xcassets */; };
		BEBA46A22204EEAA00E0D510 /* LaunchScreen.storyboard in Resources */ = {isa = PBXBuildFile; fileRef = BEBA46A02204EEAA00E0D510 /* LaunchScreen.storyboard */; };
		BEBA46AA2206665D00E0D510 /* ExploreTableViewController.swift in Sources */ = {isa = PBXBuildFile; fileRef = BEBA46A92206665D00E0D510 /* ExploreTableViewController.swift */; };
		BEBA46AC2206674D00E0D510 /* ExploreTableViewCell.swift in Sources */ = {isa = PBXBuildFile; fileRef = BEBA46AB2206674D00E0D510 /* ExploreTableViewCell.swift */; };
		BEDFB960220BADA6005903C1 /* LogInViewController.swift in Sources */ = {isa = PBXBuildFile; fileRef = BEDFB95F220BADA6005903C1 /* LogInViewController.swift */; };
/* End PBXBuildFile section */

/* Begin PBXFileReference section */
		0D032B82220A6D39001ED51E /* GoogleService-Info.plist */ = {isa = PBXFileReference; lastKnownFileType = text.plist.xml; path = "GoogleService-Info.plist"; sourceTree = "<group>"; };
		0D2C8FD3220A887800FC2AEA /* TagList.swift */ = {isa = PBXFileReference; lastKnownFileType = sourcecode.swift; path = TagList.swift; sourceTree = "<group>"; };
		0D7D25B4220B9D01004A87C3 /* SignIn.swift */ = {isa = PBXFileReference; fileEncoding = 4; lastKnownFileType = sourcecode.swift; path = SignIn.swift; sourceTree = "<group>"; };
		0D7D25B5220B9D01004A87C3 /* SignUp.swift */ = {isa = PBXFileReference; fileEncoding = 4; lastKnownFileType = sourcecode.swift; path = SignUp.swift; sourceTree = "<group>"; };
		0D7D25BA220BA6A1004A87C3 /* TagData.rtf */ = {isa = PBXFileReference; lastKnownFileType = text.rtf; path = TagData.rtf; sourceTree = "<group>"; };
		399BE7EBDB39893E19488E5F /* Pods_Studor.framework */ = {isa = PBXFileReference; explicitFileType = wrapper.framework; includeInIndex = 0; path = Pods_Studor.framework; sourceTree = BUILT_PRODUCTS_DIR; };
		49A1D8DD22066A170039EE3F /* ProfileViewController.swift */ = {isa = PBXFileReference; lastKnownFileType = sourcecode.swift; path = ProfileViewController.swift; sourceTree = "<group>"; };
		64637E5AADA09C087FC9E60B /* Pods-Studor.debug.xcconfig */ = {isa = PBXFileReference; includeInIndex = 1; lastKnownFileType = text.xcconfig; name = "Pods-Studor.debug.xcconfig"; path = "Pods/Target Support Files/Pods-Studor/Pods-Studor.debug.xcconfig"; sourceTree = "<group>"; };
		7155E976D70A9DE0BD93CBE3 /* Pods-Studor.release.xcconfig */ = {isa = PBXFileReference; includeInIndex = 1; lastKnownFileType = text.xcconfig; name = "Pods-Studor.release.xcconfig"; path = "Pods/Target Support Files/Pods-Studor/Pods-Studor.release.xcconfig"; sourceTree = "<group>"; };
		BEBA46942204EEA800E0D510 /* Studor.app */ = {isa = PBXFileReference; explicitFileType = wrapper.application; includeInIndex = 0; path = Studor.app; sourceTree = BUILT_PRODUCTS_DIR; };
		BEBA46972204EEA800E0D510 /* AppDelegate.swift */ = {isa = PBXFileReference; lastKnownFileType = sourcecode.swift; path = AppDelegate.swift; sourceTree = "<group>"; };
		BEBA46992204EEA800E0D510 /* ViewController.swift */ = {isa = PBXFileReference; lastKnownFileType = sourcecode.swift; path = ViewController.swift; sourceTree = "<group>"; };
		BEBA469C2204EEA800E0D510 /* Base */ = {isa = PBXFileReference; lastKnownFileType = file.storyboard; name = Base; path = Base.lproj/Main.storyboard; sourceTree = "<group>"; };
		BEBA469E2204EEAA00E0D510 /* Assets.xcassets */ = {isa = PBXFileReference; lastKnownFileType = folder.assetcatalog; path = Assets.xcassets; sourceTree = "<group>"; };
		BEBA46A12204EEAA00E0D510 /* Base */ = {isa = PBXFileReference; lastKnownFileType = file.storyboard; name = Base; path = Base.lproj/LaunchScreen.storyboard; sourceTree = "<group>"; };
		BEBA46A32204EEAA00E0D510 /* Info.plist */ = {isa = PBXFileReference; lastKnownFileType = text.plist.xml; path = Info.plist; sourceTree = "<group>"; };
		BEBA46A92206665D00E0D510 /* ExploreTableViewController.swift */ = {isa = PBXFileReference; lastKnownFileType = sourcecode.swift; path = ExploreTableViewController.swift; sourceTree = "<group>"; };
		BEBA46AB2206674D00E0D510 /* ExploreTableViewCell.swift */ = {isa = PBXFileReference; lastKnownFileType = sourcecode.swift; path = ExploreTableViewCell.swift; sourceTree = "<group>"; };
		BEDFB95F220BADA6005903C1 /* LogInViewController.swift */ = {isa = PBXFileReference; lastKnownFileType = sourcecode.swift; path = LogInViewController.swift; sourceTree = "<group>"; };
/* End PBXFileReference section */

/* Begin PBXFrameworksBuildPhase section */
		BEBA46912204EEA800E0D510 /* Frameworks */ = {
			isa = PBXFrameworksBuildPhase;
			buildActionMask = 2147483647;
			files = (
				3C81CC1B50DDC746DCEB9EA8 /* Pods_Studor.framework in Frameworks */,
			);
			runOnlyForDeploymentPostprocessing = 0;
		};
/* End PBXFrameworksBuildPhase section */

/* Begin PBXGroup section */
		B2A987177F4B673E9C0BD478 /* Pods */ = {
			isa = PBXGroup;
			children = (
				64637E5AADA09C087FC9E60B /* Pods-Studor.debug.xcconfig */,
				7155E976D70A9DE0BD93CBE3 /* Pods-Studor.release.xcconfig */,
			);
			name = Pods;
			sourceTree = "<group>";
		};
		BEBA468B2204EEA800E0D510 = {
			isa = PBXGroup;
			children = (
				BEBA46962204EEA800E0D510 /* Studor */,
				BEBA46952204EEA800E0D510 /* Products */,
				B2A987177F4B673E9C0BD478 /* Pods */,
				E96DE104446B7209ECB69D81 /* Frameworks */,
			);
			sourceTree = "<group>";
		};
		BEBA46952204EEA800E0D510 /* Products */ = {
			isa = PBXGroup;
			children = (
				BEBA46942204EEA800E0D510 /* Studor.app */,
			);
			name = Products;
			sourceTree = "<group>";
		};
		BEBA46962204EEA800E0D510 /* Studor */ = {
			isa = PBXGroup;
			children = (
				BEBA46972204EEA800E0D510 /* AppDelegate.swift */,
				0D7D25B4220B9D01004A87C3 /* SignIn.swift */,
				0D7D25B5220B9D01004A87C3 /* SignUp.swift */,
				BEBA46992204EEA800E0D510 /* ViewController.swift */,
				BEBA469B2204EEA800E0D510 /* Main.storyboard */,
				BEDFB95F220BADA6005903C1 /* LogInViewController.swift */,
				0D2C8FD3220A887800FC2AEA /* TagList.swift */,
				0D7D25BA220BA6A1004A87C3 /* TagData.rtf */,
				49A1D8DD22066A170039EE3F /* ProfileViewController.swift */,
				BEBA46AB2206674D00E0D510 /* ExploreTableViewCell.swift */,
				BEBA46A92206665D00E0D510 /* ExploreTableViewController.swift */,
				BEBA469E2204EEAA00E0D510 /* Assets.xcassets */,
				BEBA46A02204EEAA00E0D510 /* LaunchScreen.storyboard */,
				BEBA46A32204EEAA00E0D510 /* Info.plist */,
				0D032B82220A6D39001ED51E /* GoogleService-Info.plist */,
			);
			path = Studor;
			sourceTree = "<group>";
		};
		E96DE104446B7209ECB69D81 /* Frameworks */ = {
			isa = PBXGroup;
			children = (
				399BE7EBDB39893E19488E5F /* Pods_Studor.framework */,
			);
			name = Frameworks;
			sourceTree = "<group>";
		};
/* End PBXGroup section */

/* Begin PBXNativeTarget section */
		BEBA46932204EEA800E0D510 /* Studor */ = {
			isa = PBXNativeTarget;
			buildConfigurationList = BEBA46A62204EEAA00E0D510 /* Build configuration list for PBXNativeTarget "Studor" */;
			buildPhases = (
				4963B1CC858F07E81DF19154 /* [CP] Check Pods Manifest.lock */,
				BEBA46902204EEA800E0D510 /* Sources */,
				BEBA46912204EEA800E0D510 /* Frameworks */,
				BEBA46922204EEA800E0D510 /* Resources */,
				042E5A37CF6FBD1BF8E040B9 /* [CP] Embed Pods Frameworks */,
				B6CFC8207FABB7FC2049AAEB /* [CP] Copy Pods Resources */,
			);
			buildRules = (
			);
			dependencies = (
			);
			name = Studor;
			productName = Studor;
			productReference = BEBA46942204EEA800E0D510 /* Studor.app */;
			productType = "com.apple.product-type.application";
		};
/* End PBXNativeTarget section */

/* Begin PBXProject section */
		BEBA468C2204EEA800E0D510 /* Project object */ = {
			isa = PBXProject;
			attributes = {
				LastSwiftUpdateCheck = 1010;
				LastUpgradeCheck = 1010;
				ORGANIZATIONNAME = "James Ahrens";
				TargetAttributes = {
					BEBA46932204EEA800E0D510 = {
						CreatedOnToolsVersion = 10.1;
					};
				};
			};
			buildConfigurationList = BEBA468F2204EEA800E0D510 /* Build configuration list for PBXProject "Studor" */;
			compatibilityVersion = "Xcode 9.3";
			developmentRegion = en;
			hasScannedForEncodings = 0;
			knownRegions = (
				en,
				Base,
			);
			mainGroup = BEBA468B2204EEA800E0D510;
			productRefGroup = BEBA46952204EEA800E0D510 /* Products */;
			projectDirPath = "";
			projectRoot = "";
			targets = (
				BEBA46932204EEA800E0D510 /* Studor */,
			);
		};
/* End PBXProject section */

/* Begin PBXResourcesBuildPhase section */
		BEBA46922204EEA800E0D510 /* Resources */ = {
			isa = PBXResourcesBuildPhase;
			buildActionMask = 2147483647;
			files = (
				0D7D25BB220BA6A1004A87C3 /* TagData.rtf in Resources */,
				BEBA46A22204EEAA00E0D510 /* LaunchScreen.storyboard in Resources */,
				0D2C8FD2220A7A4200FC2AEA /* GoogleService-Info.plist in Resources */,
				BEBA469F2204EEAA00E0D510 /* Assets.xcassets in Resources */,
				BEBA469D2204EEA800E0D510 /* Main.storyboard in Resources */,
			);
			runOnlyForDeploymentPostprocessing = 0;
		};
/* End PBXResourcesBuildPhase section */

/* Begin PBXShellScriptBuildPhase section */
		042E5A37CF6FBD1BF8E040B9 /* [CP] Embed Pods Frameworks */ = {
			isa = PBXShellScriptBuildPhase;
			buildActionMask = 2147483647;
			files = (
			);
			inputFileListPaths = (
			);
			inputPaths = (
				"${SRCROOT}/Pods/Target Support Files/Pods-Studor/Pods-Studor-frameworks.sh",
				"${BUILT_PRODUCTS_DIR}/Bolts/Bolts.framework",
				"${BUILT_PRODUCTS_DIR}/BoringSSL-GRPC/openssl_grpc.framework",
				"${BUILT_PRODUCTS_DIR}/FBSDKCoreKit/FBSDKCoreKit.framework",
				"${BUILT_PRODUCTS_DIR}/FBSDKLoginKit/FBSDKLoginKit.framework",
				"${BUILT_PRODUCTS_DIR}/GTMSessionFetcher/GTMSessionFetcher.framework",
				"${BUILT_PRODUCTS_DIR}/GoogleToolboxForMac/GoogleToolboxForMac.framework",
				"${BUILT_PRODUCTS_DIR}/GoogleUtilities/GoogleUtilities.framework",
				"${BUILT_PRODUCTS_DIR}/Protobuf/Protobuf.framework",
				"${BUILT_PRODUCTS_DIR}/SDWebImage/SDWebImage.framework",
				"${PODS_ROOT}/TwitterCore/iOS/TwitterCore.framework",
				"${PODS_ROOT}/TwitterKit/iOS/TwitterKit.framework",
				"${BUILT_PRODUCTS_DIR}/gRPC-C++/grpcpp.framework",
				"${BUILT_PRODUCTS_DIR}/gRPC-Core/grpc.framework",
				"${BUILT_PRODUCTS_DIR}/leveldb-library/leveldb.framework",
				"${BUILT_PRODUCTS_DIR}/nanopb/nanopb.framework",
			);
			name = "[CP] Embed Pods Frameworks";
			outputFileListPaths = (
			);
			outputPaths = (
				"${TARGET_BUILD_DIR}/${FRAMEWORKS_FOLDER_PATH}/Bolts.framework",
				"${TARGET_BUILD_DIR}/${FRAMEWORKS_FOLDER_PATH}/openssl_grpc.framework",
				"${TARGET_BUILD_DIR}/${FRAMEWORKS_FOLDER_PATH}/FBSDKCoreKit.framework",
				"${TARGET_BUILD_DIR}/${FRAMEWORKS_FOLDER_PATH}/FBSDKLoginKit.framework",
				"${TARGET_BUILD_DIR}/${FRAMEWORKS_FOLDER_PATH}/GTMSessionFetcher.framework",
				"${TARGET_BUILD_DIR}/${FRAMEWORKS_FOLDER_PATH}/GoogleToolboxForMac.framework",
				"${TARGET_BUILD_DIR}/${FRAMEWORKS_FOLDER_PATH}/GoogleUtilities.framework",
				"${TARGET_BUILD_DIR}/${FRAMEWORKS_FOLDER_PATH}/Protobuf.framework",
				"${TARGET_BUILD_DIR}/${FRAMEWORKS_FOLDER_PATH}/SDWebImage.framework",
				"${TARGET_BUILD_DIR}/${FRAMEWORKS_FOLDER_PATH}/TwitterCore.framework",
				"${TARGET_BUILD_DIR}/${FRAMEWORKS_FOLDER_PATH}/TwitterKit.framework",
				"${TARGET_BUILD_DIR}/${FRAMEWORKS_FOLDER_PATH}/grpcpp.framework",
				"${TARGET_BUILD_DIR}/${FRAMEWORKS_FOLDER_PATH}/grpc.framework",
				"${TARGET_BUILD_DIR}/${FRAMEWORKS_FOLDER_PATH}/leveldb.framework",
				"${TARGET_BUILD_DIR}/${FRAMEWORKS_FOLDER_PATH}/nanopb.framework",
			);
			runOnlyForDeploymentPostprocessing = 0;
			shellPath = /bin/sh;
			shellScript = "\"${SRCROOT}/Pods/Target Support Files/Pods-Studor/Pods-Studor-frameworks.sh\"\n";
			showEnvVarsInLog = 0;
		};
		4963B1CC858F07E81DF19154 /* [CP] Check Pods Manifest.lock */ = {
			isa = PBXShellScriptBuildPhase;
			buildActionMask = 2147483647;
			files = (
			);
			inputFileListPaths = (
			);
			inputPaths = (
				"${PODS_PODFILE_DIR_PATH}/Podfile.lock",
				"${PODS_ROOT}/Manifest.lock",
			);
			name = "[CP] Check Pods Manifest.lock";
			outputFileListPaths = (
			);
			outputPaths = (
				"$(DERIVED_FILE_DIR)/Pods-Studor-checkManifestLockResult.txt",
			);
			runOnlyForDeploymentPostprocessing = 0;
			shellPath = /bin/sh;
			shellScript = "diff \"${PODS_PODFILE_DIR_PATH}/Podfile.lock\" \"${PODS_ROOT}/Manifest.lock\" > /dev/null\nif [ $? != 0 ] ; then\n    # print error to STDERR\n    echo \"error: The sandbox is not in sync with the Podfile.lock. Run 'pod install' or update your CocoaPods installation.\" >&2\n    exit 1\nfi\n# This output is used by Xcode 'outputs' to avoid re-running this script phase.\necho \"SUCCESS\" > \"${SCRIPT_OUTPUT_FILE_0}\"\n";
			showEnvVarsInLog = 0;
		};
		B6CFC8207FABB7FC2049AAEB /* [CP] Copy Pods Resources */ = {
			isa = PBXShellScriptBuildPhase;
			buildActionMask = 2147483647;
			files = (
			);
			inputFileListPaths = (
			);
			inputPaths = (
				"${SRCROOT}/Pods/Target Support Files/Pods-Studor/Pods-Studor-resources.sh",
				"${PODS_CONFIGURATION_BUILD_DIR}/FirebaseUI/FirebaseAnonymousAuthUI.bundle",
				"${PODS_CONFIGURATION_BUILD_DIR}/FirebaseUI/FirebaseAuthUI.bundle",
				"${PODS_CONFIGURATION_BUILD_DIR}/FirebaseUI/FirebaseEmailAuthUI.bundle",
				"${PODS_CONFIGURATION_BUILD_DIR}/FirebaseUI/FirebaseFacebookAuthUI.bundle",
				"${PODS_CONFIGURATION_BUILD_DIR}/FirebaseUI/FirebaseGoogleAuthUI.bundle",
				"${PODS_CONFIGURATION_BUILD_DIR}/FirebaseUI/FirebasePhoneAuthUI.bundle",
				"${PODS_CONFIGURATION_BUILD_DIR}/FirebaseUI/FirebaseTwitterAuthUI.bundle",
				"${PODS_ROOT}/GoogleSignIn/Resources/GoogleSignIn.bundle",
				"${PODS_ROOT}/TwitterKit/iOS/TwitterKit.framework/TwitterKitResources.bundle",
			);
			name = "[CP] Copy Pods Resources";
			outputFileListPaths = (
			);
			outputPaths = (
				"${TARGET_BUILD_DIR}/${UNLOCALIZED_RESOURCES_FOLDER_PATH}/FirebaseAnonymousAuthUI.bundle",
				"${TARGET_BUILD_DIR}/${UNLOCALIZED_RESOURCES_FOLDER_PATH}/FirebaseAuthUI.bundle",
				"${TARGET_BUILD_DIR}/${UNLOCALIZED_RESOURCES_FOLDER_PATH}/FirebaseEmailAuthUI.bundle",
				"${TARGET_BUILD_DIR}/${UNLOCALIZED_RESOURCES_FOLDER_PATH}/FirebaseFacebookAuthUI.bundle",
				"${TARGET_BUILD_DIR}/${UNLOCALIZED_RESOURCES_FOLDER_PATH}/FirebaseGoogleAuthUI.bundle",
				"${TARGET_BUILD_DIR}/${UNLOCALIZED_RESOURCES_FOLDER_PATH}/FirebasePhoneAuthUI.bundle",
				"${TARGET_BUILD_DIR}/${UNLOCALIZED_RESOURCES_FOLDER_PATH}/FirebaseTwitterAuthUI.bundle",
				"${TARGET_BUILD_DIR}/${UNLOCALIZED_RESOURCES_FOLDER_PATH}/GoogleSignIn.bundle",
				"${TARGET_BUILD_DIR}/${UNLOCALIZED_RESOURCES_FOLDER_PATH}/TwitterKitResources.bundle",
			);
			runOnlyForDeploymentPostprocessing = 0;
			shellPath = /bin/sh;
			shellScript = "\"${SRCROOT}/Pods/Target Support Files/Pods-Studor/Pods-Studor-resources.sh\"\n";
			showEnvVarsInLog = 0;
		};
/* End PBXShellScriptBuildPhase section */

/* Begin PBXSourcesBuildPhase section */
		BEBA46902204EEA800E0D510 /* Sources */ = {
			isa = PBXSourcesBuildPhase;
			buildActionMask = 2147483647;
			files = (
				0D2C8FD4220A887800FC2AEA /* TagList.swift in Sources */,
				0D7D25B8220B9D02004A87C3 /* SignIn.swift in Sources */,
				BEBA46AA2206665D00E0D510 /* ExploreTableViewController.swift in Sources */,
				0D7D25B9220B9D02004A87C3 /* SignUp.swift in Sources */,
				BEBA469A2204EEA800E0D510 /* ViewController.swift in Sources */,
				49A1D8DE22066A170039EE3F /* ProfileViewController.swift in Sources */,
				BEBA46982204EEA800E0D510 /* AppDelegate.swift in Sources */,
				BEDFB960220BADA6005903C1 /* LogInViewController.swift in Sources */,
				BEBA46AC2206674D00E0D510 /* ExploreTableViewCell.swift in Sources */,
			);
			runOnlyForDeploymentPostprocessing = 0;
		};
/* End PBXSourcesBuildPhase section */

/* Begin PBXVariantGroup section */
		BEBA469B2204EEA800E0D510 /* Main.storyboard */ = {
			isa = PBXVariantGroup;
			children = (
				BEBA469C2204EEA800E0D510 /* Base */,
			);
			name = Main.storyboard;
			sourceTree = "<group>";
		};
		BEBA46A02204EEAA00E0D510 /* LaunchScreen.storyboard */ = {
			isa = PBXVariantGroup;
			children = (
				BEBA46A12204EEAA00E0D510 /* Base */,
			);
			name = LaunchScreen.storyboard;
			sourceTree = "<group>";
		};
/* End PBXVariantGroup section */

/* Begin XCBuildConfiguration section */
		BEBA46A42204EEAA00E0D510 /* Debug */ = {
			isa = XCBuildConfiguration;
			buildSettings = {
				ALWAYS_SEARCH_USER_PATHS = NO;
				CLANG_ANALYZER_NONNULL = YES;
				CLANG_ANALYZER_NUMBER_OBJECT_CONVERSION = YES_AGGRESSIVE;
				CLANG_CXX_LANGUAGE_STANDARD = "gnu++14";
				CLANG_CXX_LIBRARY = "libc++";
				CLANG_ENABLE_MODULES = YES;
				CLANG_ENABLE_OBJC_ARC = YES;
				CLANG_ENABLE_OBJC_WEAK = YES;
				CLANG_WARN_BLOCK_CAPTURE_AUTORELEASING = YES;
				CLANG_WARN_BOOL_CONVERSION = YES;
				CLANG_WARN_COMMA = YES;
				CLANG_WARN_CONSTANT_CONVERSION = YES;
				CLANG_WARN_DEPRECATED_OBJC_IMPLEMENTATIONS = YES;
				CLANG_WARN_DIRECT_OBJC_ISA_USAGE = YES_ERROR;
				CLANG_WARN_DOCUMENTATION_COMMENTS = YES;
				CLANG_WARN_EMPTY_BODY = YES;
				CLANG_WARN_ENUM_CONVERSION = YES;
				CLANG_WARN_INFINITE_RECURSION = YES;
				CLANG_WARN_INT_CONVERSION = YES;
				CLANG_WARN_NON_LITERAL_NULL_CONVERSION = YES;
				CLANG_WARN_OBJC_IMPLICIT_RETAIN_SELF = YES;
				CLANG_WARN_OBJC_LITERAL_CONVERSION = YES;
				CLANG_WARN_OBJC_ROOT_CLASS = YES_ERROR;
				CLANG_WARN_RANGE_LOOP_ANALYSIS = YES;
				CLANG_WARN_STRICT_PROTOTYPES = YES;
				CLANG_WARN_SUSPICIOUS_MOVE = YES;
				CLANG_WARN_UNGUARDED_AVAILABILITY = YES_AGGRESSIVE;
				CLANG_WARN_UNREACHABLE_CODE = YES;
				CLANG_WARN__DUPLICATE_METHOD_MATCH = YES;
				CODE_SIGN_IDENTITY = "iPhone Developer";
				COPY_PHASE_STRIP = NO;
				DEBUG_INFORMATION_FORMAT = dwarf;
				ENABLE_STRICT_OBJC_MSGSEND = YES;
				ENABLE_TESTABILITY = YES;
				GCC_C_LANGUAGE_STANDARD = gnu11;
				GCC_DYNAMIC_NO_PIC = NO;
				GCC_NO_COMMON_BLOCKS = YES;
				GCC_OPTIMIZATION_LEVEL = 0;
				GCC_PREPROCESSOR_DEFINITIONS = (
					"DEBUG=1",
					"$(inherited)",
				);
				GCC_WARN_64_TO_32_BIT_CONVERSION = YES;
				GCC_WARN_ABOUT_RETURN_TYPE = YES_ERROR;
				GCC_WARN_UNDECLARED_SELECTOR = YES;
				GCC_WARN_UNINITIALIZED_AUTOS = YES_AGGRESSIVE;
				GCC_WARN_UNUSED_FUNCTION = YES;
				GCC_WARN_UNUSED_VARIABLE = YES;
				IPHONEOS_DEPLOYMENT_TARGET = 12.1;
				MTL_ENABLE_DEBUG_INFO = INCLUDE_SOURCE;
				MTL_FAST_MATH = YES;
				ONLY_ACTIVE_ARCH = YES;
				SDKROOT = iphoneos;
				SWIFT_ACTIVE_COMPILATION_CONDITIONS = DEBUG;
				SWIFT_OPTIMIZATION_LEVEL = "-Onone";
			};
			name = Debug;
		};
		BEBA46A52204EEAA00E0D510 /* Release */ = {
			isa = XCBuildConfiguration;
			buildSettings = {
				ALWAYS_SEARCH_USER_PATHS = NO;
				CLANG_ANALYZER_NONNULL = YES;
				CLANG_ANALYZER_NUMBER_OBJECT_CONVERSION = YES_AGGRESSIVE;
				CLANG_CXX_LANGUAGE_STANDARD = "gnu++14";
				CLANG_CXX_LIBRARY = "libc++";
				CLANG_ENABLE_MODULES = YES;
				CLANG_ENABLE_OBJC_ARC = YES;
				CLANG_ENABLE_OBJC_WEAK = YES;
				CLANG_WARN_BLOCK_CAPTURE_AUTORELEASING = YES;
				CLANG_WARN_BOOL_CONVERSION = YES;
				CLANG_WARN_COMMA = YES;
				CLANG_WARN_CONSTANT_CONVERSION = YES;
				CLANG_WARN_DEPRECATED_OBJC_IMPLEMENTATIONS = YES;
				CLANG_WARN_DIRECT_OBJC_ISA_USAGE = YES_ERROR;
				CLANG_WARN_DOCUMENTATION_COMMENTS = YES;
				CLANG_WARN_EMPTY_BODY = YES;
				CLANG_WARN_ENUM_CONVERSION = YES;
				CLANG_WARN_INFINITE_RECURSION = YES;
				CLANG_WARN_INT_CONVERSION = YES;
				CLANG_WARN_NON_LITERAL_NULL_CONVERSION = YES;
				CLANG_WARN_OBJC_IMPLICIT_RETAIN_SELF = YES;
				CLANG_WARN_OBJC_LITERAL_CONVERSION = YES;
				CLANG_WARN_OBJC_ROOT_CLASS = YES_ERROR;
				CLANG_WARN_RANGE_LOOP_ANALYSIS = YES;
				CLANG_WARN_STRICT_PROTOTYPES = YES;
				CLANG_WARN_SUSPICIOUS_MOVE = YES;
				CLANG_WARN_UNGUARDED_AVAILABILITY = YES_AGGRESSIVE;
				CLANG_WARN_UNREACHABLE_CODE = YES;
				CLANG_WARN__DUPLICATE_METHOD_MATCH = YES;
				CODE_SIGN_IDENTITY = "iPhone Developer";
				COPY_PHASE_STRIP = NO;
				DEBUG_INFORMATION_FORMAT = "dwarf-with-dsym";
				ENABLE_NS_ASSERTIONS = NO;
				ENABLE_STRICT_OBJC_MSGSEND = YES;
				GCC_C_LANGUAGE_STANDARD = gnu11;
				GCC_NO_COMMON_BLOCKS = YES;
				GCC_WARN_64_TO_32_BIT_CONVERSION = YES;
				GCC_WARN_ABOUT_RETURN_TYPE = YES_ERROR;
				GCC_WARN_UNDECLARED_SELECTOR = YES;
				GCC_WARN_UNINITIALIZED_AUTOS = YES_AGGRESSIVE;
				GCC_WARN_UNUSED_FUNCTION = YES;
				GCC_WARN_UNUSED_VARIABLE = YES;
				IPHONEOS_DEPLOYMENT_TARGET = 12.1;
				MTL_ENABLE_DEBUG_INFO = NO;
				MTL_FAST_MATH = YES;
				SDKROOT = iphoneos;
				SWIFT_COMPILATION_MODE = wholemodule;
				SWIFT_OPTIMIZATION_LEVEL = "-O";
				VALIDATE_PRODUCT = YES;
			};
			name = Release;
		};
		BEBA46A72204EEAA00E0D510 /* Debug */ = {
			isa = XCBuildConfiguration;
			baseConfigurationReference = 64637E5AADA09C087FC9E60B /* Pods-Studor.debug.xcconfig */;
			buildSettings = {
				ASSETCATALOG_COMPILER_APPICON_NAME = AppIcon;
				CODE_SIGN_IDENTITY = "iPhone Developer";
				CODE_SIGN_STYLE = Automatic;
				DEVELOPMENT_TEAM = "";
				INFOPLIST_FILE = Studor/Info.plist;
				LD_RUNPATH_SEARCH_PATHS = (
					"$(inherited)",
					"@executable_path/Frameworks",
				);
				PRODUCT_BUNDLE_IDENTIFIER = GCC.Studor1;
				PRODUCT_NAME = "$(TARGET_NAME)";
				PROVISIONING_PROFILE_SPECIFIER = "";
				SWIFT_VERSION = 4.2;
				TARGETED_DEVICE_FAMILY = "1,2";
			};
			name = Debug;
		};
		BEBA46A82204EEAA00E0D510 /* Release */ = {
			isa = XCBuildConfiguration;
			baseConfigurationReference = 7155E976D70A9DE0BD93CBE3 /* Pods-Studor.release.xcconfig */;
			buildSettings = {
				ASSETCATALOG_COMPILER_APPICON_NAME = AppIcon;
				CODE_SIGN_IDENTITY = "iPhone Developer";
				CODE_SIGN_STYLE = Automatic;
				DEVELOPMENT_TEAM = "";
				INFOPLIST_FILE = Studor/Info.plist;
				LD_RUNPATH_SEARCH_PATHS = (
					"$(inherited)",
					"@executable_path/Frameworks",
				);
				PRODUCT_BUNDLE_IDENTIFIER = GCC.Studor1;
				PRODUCT_NAME = "$(TARGET_NAME)";
				PROVISIONING_PROFILE_SPECIFIER = "";
				SWIFT_VERSION = 4.2;
				TARGETED_DEVICE_FAMILY = "1,2";
			};
			name = Release;
		};
/* End XCBuildConfiguration section */

/* Begin XCConfigurationList section */
		BEBA468F2204EEA800E0D510 /* Build configuration list for PBXProject "Studor" */ = {
			isa = XCConfigurationList;
			buildConfigurations = (
				BEBA46A42204EEAA00E0D510 /* Debug */,
				BEBA46A52204EEAA00E0D510 /* Release */,
			);
			defaultConfigurationIsVisible = 0;
			defaultConfigurationName = Release;
		};
		BEBA46A62204EEAA00E0D510 /* Build configuration list for PBXNativeTarget "Studor" */ = {
			isa = XCConfigurationList;
			buildConfigurations = (
				BEBA46A72204EEAA00E0D510 /* Debug */,
				BEBA46A82204EEAA00E0D510 /* Release */,
			);
			defaultConfigurationIsVisible = 0;
			defaultConfigurationName = Release;
		};
/* End XCConfigurationList section */
	};
	rootObject = BEBA468C2204EEA800E0D510 /* Project object */;
}
