// !$*UTF8*$!
{
	archiveVersion = 1;
	classes = {
	};
	objectVersion = 50;
	objects = {

/* Begin PBXBuildFile section */
		0D2C8FD2220A7A4200FC2AEA /* GoogleService-Info.plist in Resources */ = {isa = PBXBuildFile; fileRef = 0D032B82220A6D39001ED51E /* GoogleService-Info.plist */; };
		0D2C8FD4220A887800FC2AEA /* TagList.swift in Sources */ = {isa = PBXBuildFile; fileRef = 0D2C8FD3220A887800FC2AEA /* TagList.swift */; };
		0D4762BA220F8F8D00A0F980 /* TabBarController.swift in Sources */ = {isa = PBXBuildFile; fileRef = 0D4762B9220F8F8D00A0F980 /* TabBarController.swift */; };
		0D4762BE2210D94500A0F980 /* StudorFirestore.swift in Sources */ = {isa = PBXBuildFile; fileRef = 0D4762BD2210D94500A0F980 /* StudorFirestore.swift */; };
		0D7D25B9220B9D02004A87C3 /* SignUp.swift in Sources */ = {isa = PBXBuildFile; fileRef = 0D7D25B5220B9D01004A87C3 /* SignUp.swift */; };
		0D7D25BB220BA6A1004A87C3 /* TagData.rtf in Resources */ = {isa = PBXBuildFile; fileRef = 0D7D25BA220BA6A1004A87C3 /* TagData.rtf */; };
		0F29069022237318009E1B64 /* ViewProfileViewController.swift in Sources */ = {isa = PBXBuildFile; fileRef = 0F29068F22237318009E1B64 /* ViewProfileViewController.swift */; };
		0F86C082223EEAB50062CB1C /* StudorUITests.swift in Sources */ = {isa = PBXBuildFile; fileRef = 0F86C081223EEAB50062CB1C /* StudorUITests.swift */; };
		0F86C089223EEABE0062CB1C /* LogInUITest.swift in Sources */ = {isa = PBXBuildFile; fileRef = 0F86C079223EEA330062CB1C /* LogInUITest.swift */; };
		0F86C091223EEB1D0062CB1C /* StudorTests.swift in Sources */ = {isa = PBXBuildFile; fileRef = 0F86C090223EEB1D0062CB1C /* StudorTests.swift */; };
		3122CC03ACC54F0244E91FBA /* Pods_Studor.framework in Frameworks */ = {isa = PBXBuildFile; fileRef = 49F1A231BCC171631565A5B4 /* Pods_Studor.framework */; };
		49025BB12210A91A00CD1B07 /* TagSearchViewController.swift in Sources */ = {isa = PBXBuildFile; fileRef = 49025BB02210A91A00CD1B07 /* TagSearchViewController.swift */; };
		49A1D8DE22066A170039EE3F /* ProfileViewController.swift in Sources */ = {isa = PBXBuildFile; fileRef = 49A1D8DD22066A170039EE3F /* ProfileViewController.swift */; };
		58C28F222258380E00E34B5D /* ViewGroupProfileViewController.swift in Sources */ = {isa = PBXBuildFile; fileRef = 58C28F212258380E00E34B5D /* ViewGroupProfileViewController.swift */; };
		651A83DB223EF4420054A69E /* DeleteTagsViewController.swift in Sources */ = {isa = PBXBuildFile; fileRef = 651A83DA223EF4420054A69E /* DeleteTagsViewController.swift */; };
		651A83DF223F08380054A69E /* DeleteTagsViewCell.swift in Sources */ = {isa = PBXBuildFile; fileRef = 651A83DE223F08380054A69E /* DeleteTagsViewCell.swift */; };
		BE1547EA223B37EB00CA5A64 /* CreateGroupViewController.swift in Sources */ = {isa = PBXBuildFile; fileRef = BE1547E9223B37EB00CA5A64 /* CreateGroupViewController.swift */; };
		BE1547EC223B4D2600CA5A64 /* EventCreatorViewController.swift in Sources */ = {isa = PBXBuildFile; fileRef = BE1547EB223B4D2600CA5A64 /* EventCreatorViewController.swift */; };
		BE1547EE223B52BB00CA5A64 /* EventViewController.swift in Sources */ = {isa = PBXBuildFile; fileRef = BE1547ED223B52BB00CA5A64 /* EventViewController.swift */; };
		BE1547F1223BDF4B00CA5A64 /* EditEventViewController.swift in Sources */ = {isa = PBXBuildFile; fileRef = BE1547F0223BDF4B00CA5A64 /* EditEventViewController.swift */; };
		BE1547F3223DCA7500CA5A64 /* InvitationViewController.swift in Sources */ = {isa = PBXBuildFile; fileRef = BE1547F2223DCA7500CA5A64 /* InvitationViewController.swift */; };
		BEBA46982204EEA800E0D510 /* AppDelegate.swift in Sources */ = {isa = PBXBuildFile; fileRef = BEBA46972204EEA800E0D510 /* AppDelegate.swift */; };
		BEBA469D2204EEA800E0D510 /* Main.storyboard in Resources */ = {isa = PBXBuildFile; fileRef = BEBA469B2204EEA800E0D510 /* Main.storyboard */; };
		BEBA469F2204EEAA00E0D510 /* Assets.xcassets in Resources */ = {isa = PBXBuildFile; fileRef = BEBA469E2204EEAA00E0D510 /* Assets.xcassets */; };
		BEBA46A22204EEAA00E0D510 /* LaunchScreen.storyboard in Resources */ = {isa = PBXBuildFile; fileRef = BEBA46A02204EEAA00E0D510 /* LaunchScreen.storyboard */; };
		BEBA46AA2206665D00E0D510 /* ExploreTableViewController.swift in Sources */ = {isa = PBXBuildFile; fileRef = BEBA46A92206665D00E0D510 /* ExploreTableViewController.swift */; };
		BEBA46AC2206674D00E0D510 /* ExploreTableViewCell.swift in Sources */ = {isa = PBXBuildFile; fileRef = BEBA46AB2206674D00E0D510 /* ExploreTableViewCell.swift */; };
		BEDFB960220BADA6005903C1 /* LogInViewController.swift in Sources */ = {isa = PBXBuildFile; fileRef = BEDFB95F220BADA6005903C1 /* LogInViewController.swift */; };
		BEDFB964220CD618005903C1 /* ScheduleTableViewController.swift in Sources */ = {isa = PBXBuildFile; fileRef = BEDFB963220CD618005903C1 /* ScheduleTableViewController.swift */; };
		BEDFB966220CD643005903C1 /* ScheduleTableViewCell.swift in Sources */ = {isa = PBXBuildFile; fileRef = BEDFB965220CD643005903C1 /* ScheduleTableViewCell.swift */; };
		BEDFB96A220E24B7005903C1 /* MessagesTableViewController.swift in Sources */ = {isa = PBXBuildFile; fileRef = BEDFB969220E24B7005903C1 /* MessagesTableViewController.swift */; };
		BEDFB96C220E3654005903C1 /* MessagesTableViewCell.swift in Sources */ = {isa = PBXBuildFile; fileRef = BEDFB96B220E3654005903C1 /* MessagesTableViewCell.swift */; };
		BEFDE35922544020008C5E14 /* iOSDropDown.framework in Frameworks */ = {isa = PBXBuildFile; fileRef = BEFDE35822544020008C5E14 /* iOSDropDown.framework */; };
		BEFEBDEA22234EBB00EE9847 /* MessageKitViewController.swift in Sources */ = {isa = PBXBuildFile; fileRef = BEFEBDE922234EBB00EE9847 /* MessageKitViewController.swift */; };
/* End PBXBuildFile section */

/* Begin PBXContainerItemProxy section */
		0F86C084223EEAB50062CB1C /* PBXContainerItemProxy */ = {
			isa = PBXContainerItemProxy;
			containerPortal = BEBA468C2204EEA800E0D510 /* Project object */;
			proxyType = 1;
			remoteGlobalIDString = BEBA46932204EEA800E0D510;
			remoteInfo = Studor;
		};
		0F86C093223EEB1D0062CB1C /* PBXContainerItemProxy */ = {
			isa = PBXContainerItemProxy;
			containerPortal = BEBA468C2204EEA800E0D510 /* Project object */;
			proxyType = 1;
			remoteGlobalIDString = BEBA46932204EEA800E0D510;
			remoteInfo = Studor;
		};
/* End PBXContainerItemProxy section */

/* Begin PBXFileReference section */
		0D032B82220A6D39001ED51E /* GoogleService-Info.plist */ = {isa = PBXFileReference; lastKnownFileType = text.plist.xml; path = "GoogleService-Info.plist"; sourceTree = "<group>"; };
		0D2C8FD3220A887800FC2AEA /* TagList.swift */ = {isa = PBXFileReference; lastKnownFileType = sourcecode.swift; path = TagList.swift; sourceTree = "<group>"; };
		0D4762B9220F8F8D00A0F980 /* TabBarController.swift */ = {isa = PBXFileReference; lastKnownFileType = sourcecode.swift; path = TabBarController.swift; sourceTree = "<group>"; };
		0D4762BD2210D94500A0F980 /* StudorFirestore.swift */ = {isa = PBXFileReference; lastKnownFileType = sourcecode.swift; path = StudorFirestore.swift; sourceTree = "<group>"; };
		0D7D25B5220B9D01004A87C3 /* SignUp.swift */ = {isa = PBXFileReference; fileEncoding = 4; lastKnownFileType = sourcecode.swift; path = SignUp.swift; sourceTree = "<group>"; };
		0D7D25BA220BA6A1004A87C3 /* TagData.rtf */ = {isa = PBXFileReference; lastKnownFileType = text.rtf; path = TagData.rtf; sourceTree = "<group>"; };
		0F29068F22237318009E1B64 /* ViewProfileViewController.swift */ = {isa = PBXFileReference; lastKnownFileType = sourcecode.swift; path = ViewProfileViewController.swift; sourceTree = "<group>"; };
		0F86C079223EEA330062CB1C /* LogInUITest.swift */ = {isa = PBXFileReference; lastKnownFileType = sourcecode.swift; path = LogInUITest.swift; sourceTree = "<group>"; };
		0F86C07F223EEAB50062CB1C /* StudorUITests.xctest */ = {isa = PBXFileReference; explicitFileType = wrapper.cfbundle; includeInIndex = 0; path = StudorUITests.xctest; sourceTree = BUILT_PRODUCTS_DIR; };
		0F86C081223EEAB50062CB1C /* StudorUITests.swift */ = {isa = PBXFileReference; lastKnownFileType = sourcecode.swift; path = StudorUITests.swift; sourceTree = "<group>"; };
		0F86C083223EEAB50062CB1C /* Info.plist */ = {isa = PBXFileReference; lastKnownFileType = text.plist.xml; path = Info.plist; sourceTree = "<group>"; };
		0F86C08E223EEB1D0062CB1C /* StudorTests.xctest */ = {isa = PBXFileReference; explicitFileType = wrapper.cfbundle; includeInIndex = 0; path = StudorTests.xctest; sourceTree = BUILT_PRODUCTS_DIR; };
		0F86C090223EEB1D0062CB1C /* StudorTests.swift */ = {isa = PBXFileReference; lastKnownFileType = sourcecode.swift; path = StudorTests.swift; sourceTree = "<group>"; };
		0F86C092223EEB1D0062CB1C /* Info.plist */ = {isa = PBXFileReference; lastKnownFileType = text.plist.xml; path = Info.plist; sourceTree = "<group>"; };
		49025BB02210A91A00CD1B07 /* TagSearchViewController.swift */ = {isa = PBXFileReference; lastKnownFileType = sourcecode.swift; path = TagSearchViewController.swift; sourceTree = "<group>"; };
		49A1D8DD22066A170039EE3F /* ProfileViewController.swift */ = {isa = PBXFileReference; lastKnownFileType = sourcecode.swift; path = ProfileViewController.swift; sourceTree = "<group>"; };
		49F1A231BCC171631565A5B4 /* Pods_Studor.framework */ = {isa = PBXFileReference; explicitFileType = wrapper.framework; includeInIndex = 0; path = Pods_Studor.framework; sourceTree = BUILT_PRODUCTS_DIR; };
		58C28F212258380E00E34B5D /* ViewGroupProfileViewController.swift */ = {isa = PBXFileReference; lastKnownFileType = sourcecode.swift; path = ViewGroupProfileViewController.swift; sourceTree = "<group>"; };
		651A83DA223EF4420054A69E /* DeleteTagsViewController.swift */ = {isa = PBXFileReference; lastKnownFileType = sourcecode.swift; path = DeleteTagsViewController.swift; sourceTree = "<group>"; };
		651A83DE223F08380054A69E /* DeleteTagsViewCell.swift */ = {isa = PBXFileReference; lastKnownFileType = sourcecode.swift; path = DeleteTagsViewCell.swift; sourceTree = "<group>"; };
		933E2813286819B28FAFF75F /* Pods-Studor.debug.xcconfig */ = {isa = PBXFileReference; includeInIndex = 1; lastKnownFileType = text.xcconfig; name = "Pods-Studor.debug.xcconfig"; path = "Pods/Target Support Files/Pods-Studor/Pods-Studor.debug.xcconfig"; sourceTree = "<group>"; };
		BE1547E9223B37EB00CA5A64 /* CreateGroupViewController.swift */ = {isa = PBXFileReference; lastKnownFileType = sourcecode.swift; path = CreateGroupViewController.swift; sourceTree = "<group>"; };
		BE1547EB223B4D2600CA5A64 /* EventCreatorViewController.swift */ = {isa = PBXFileReference; lastKnownFileType = sourcecode.swift; path = EventCreatorViewController.swift; sourceTree = "<group>"; };
		BE1547ED223B52BB00CA5A64 /* EventViewController.swift */ = {isa = PBXFileReference; lastKnownFileType = sourcecode.swift; path = EventViewController.swift; sourceTree = "<group>"; };
		BE1547F0223BDF4B00CA5A64 /* EditEventViewController.swift */ = {isa = PBXFileReference; lastKnownFileType = sourcecode.swift; path = EditEventViewController.swift; sourceTree = "<group>"; };
		BE1547F2223DCA7500CA5A64 /* InvitationViewController.swift */ = {isa = PBXFileReference; lastKnownFileType = sourcecode.swift; path = InvitationViewController.swift; sourceTree = "<group>"; };
		BEBA46942204EEA800E0D510 /* Studor.app */ = {isa = PBXFileReference; explicitFileType = wrapper.application; includeInIndex = 0; path = Studor.app; sourceTree = BUILT_PRODUCTS_DIR; };
		BEBA46972204EEA800E0D510 /* AppDelegate.swift */ = {isa = PBXFileReference; lastKnownFileType = sourcecode.swift; path = AppDelegate.swift; sourceTree = "<group>"; };
		BEBA469C2204EEA800E0D510 /* Base */ = {isa = PBXFileReference; lastKnownFileType = file.storyboard; name = Base; path = Base.lproj/Main.storyboard; sourceTree = "<group>"; };
		BEBA469E2204EEAA00E0D510 /* Assets.xcassets */ = {isa = PBXFileReference; lastKnownFileType = folder.assetcatalog; path = Assets.xcassets; sourceTree = "<group>"; };
		BEBA46A12204EEAA00E0D510 /* Base */ = {isa = PBXFileReference; lastKnownFileType = file.storyboard; name = Base; path = Base.lproj/LaunchScreen.storyboard; sourceTree = "<group>"; };
		BEBA46A32204EEAA00E0D510 /* Info.plist */ = {isa = PBXFileReference; lastKnownFileType = text.plist.xml; path = Info.plist; sourceTree = "<group>"; };
		BEBA46A92206665D00E0D510 /* ExploreTableViewController.swift */ = {isa = PBXFileReference; lastKnownFileType = sourcecode.swift; path = ExploreTableViewController.swift; sourceTree = "<group>"; };
		BEBA46AB2206674D00E0D510 /* ExploreTableViewCell.swift */ = {isa = PBXFileReference; lastKnownFileType = sourcecode.swift; path = ExploreTableViewCell.swift; sourceTree = "<group>"; };
		BEDFB95F220BADA6005903C1 /* LogInViewController.swift */ = {isa = PBXFileReference; lastKnownFileType = sourcecode.swift; path = LogInViewController.swift; sourceTree = "<group>"; };
		BEDFB963220CD618005903C1 /* ScheduleTableViewController.swift */ = {isa = PBXFileReference; lastKnownFileType = sourcecode.swift; path = ScheduleTableViewController.swift; sourceTree = "<group>"; };
		BEDFB965220CD643005903C1 /* ScheduleTableViewCell.swift */ = {isa = PBXFileReference; lastKnownFileType = sourcecode.swift; path = ScheduleTableViewCell.swift; sourceTree = "<group>"; };
		BEDFB969220E24B7005903C1 /* MessagesTableViewController.swift */ = {isa = PBXFileReference; lastKnownFileType = sourcecode.swift; path = MessagesTableViewController.swift; sourceTree = "<group>"; };
		BEDFB96B220E3654005903C1 /* MessagesTableViewCell.swift */ = {isa = PBXFileReference; lastKnownFileType = sourcecode.swift; path = MessagesTableViewCell.swift; sourceTree = "<group>"; };
		BEFDE35822544020008C5E14 /* iOSDropDown.framework */ = {isa = PBXFileReference; explicitFileType = wrapper.framework; path = iOSDropDown.framework; sourceTree = BUILT_PRODUCTS_DIR; };
		BEFEBDE922234EBB00EE9847 /* MessageKitViewController.swift */ = {isa = PBXFileReference; lastKnownFileType = sourcecode.swift; path = MessageKitViewController.swift; sourceTree = "<group>"; };
		C3F2A43405E5A6339E092E11 /* Pods-Studor.release.xcconfig */ = {isa = PBXFileReference; includeInIndex = 1; lastKnownFileType = text.xcconfig; name = "Pods-Studor.release.xcconfig"; path = "Pods/Target Support Files/Pods-Studor/Pods-Studor.release.xcconfig"; sourceTree = "<group>"; };
/* End PBXFileReference section */

/* Begin PBXFrameworksBuildPhase section */
		0F86C07C223EEAB50062CB1C /* Frameworks */ = {
			isa = PBXFrameworksBuildPhase;
			buildActionMask = 2147483647;
			files = (
			);
			runOnlyForDeploymentPostprocessing = 0;
		};
		0F86C08B223EEB1D0062CB1C /* Frameworks */ = {
			isa = PBXFrameworksBuildPhase;
			buildActionMask = 2147483647;
			files = (
			);
			runOnlyForDeploymentPostprocessing = 0;
		};
		BEBA46912204EEA800E0D510 /* Frameworks */ = {
			isa = PBXFrameworksBuildPhase;
			buildActionMask = 2147483647;
			files = (
				BEFDE35922544020008C5E14 /* iOSDropDown.framework in Frameworks */,
				3122CC03ACC54F0244E91FBA /* Pods_Studor.framework in Frameworks */,
			);
			runOnlyForDeploymentPostprocessing = 0;
		};
/* End PBXFrameworksBuildPhase section */

/* Begin PBXGroup section */
		0F86C080223EEAB50062CB1C /* StudorUITests */ = {
			isa = PBXGroup;
			children = (
				0F86C079223EEA330062CB1C /* LogInUITest.swift */,
				0F86C081223EEAB50062CB1C /* StudorUITests.swift */,
				0F86C083223EEAB50062CB1C /* Info.plist */,
			);
			path = StudorUITests;
			sourceTree = "<group>";
		};
		0F86C08F223EEB1D0062CB1C /* StudorTests */ = {
			isa = PBXGroup;
			children = (
				0F86C090223EEB1D0062CB1C /* StudorTests.swift */,
				0F86C092223EEB1D0062CB1C /* Info.plist */,
			);
			path = StudorTests;
			sourceTree = "<group>";
		};
		27CA379B98B33161A1AB246D /* Pods */ = {
			isa = PBXGroup;
			children = (
				933E2813286819B28FAFF75F /* Pods-Studor.debug.xcconfig */,
				C3F2A43405E5A6339E092E11 /* Pods-Studor.release.xcconfig */,
			);
			name = Pods;
			sourceTree = "<group>";
		};
		AD3DF9A9B2FA290B2A996389 /* Frameworks */ = {
			isa = PBXGroup;
			children = (
				BEFDE35822544020008C5E14 /* iOSDropDown.framework */,
				49F1A231BCC171631565A5B4 /* Pods_Studor.framework */,
			);
			name = Frameworks;
			sourceTree = "<group>";
		};
		BE1547EF223B52D100CA5A64 /* Events */ = {
			isa = PBXGroup;
			children = (
				BEDFB963220CD618005903C1 /* ScheduleTableViewController.swift */,
				BEDFB965220CD643005903C1 /* ScheduleTableViewCell.swift */,
				BE1547EB223B4D2600CA5A64 /* EventCreatorViewController.swift */,
				BE1547ED223B52BB00CA5A64 /* EventViewController.swift */,
				BE1547F0223BDF4B00CA5A64 /* EditEventViewController.swift */,
			);
			path = Events;
			sourceTree = "<group>";
		};
		BEBA468B2204EEA800E0D510 = {
			isa = PBXGroup;
			children = (
				BEBA46962204EEA800E0D510 /* Studor */,
				0F86C080223EEAB50062CB1C /* StudorUITests */,
				0F86C08F223EEB1D0062CB1C /* StudorTests */,
				BEBA46952204EEA800E0D510 /* Products */,
				27CA379B98B33161A1AB246D /* Pods */,
				AD3DF9A9B2FA290B2A996389 /* Frameworks */,
			);
			sourceTree = "<group>";
		};
		BEBA46952204EEA800E0D510 /* Products */ = {
			isa = PBXGroup;
			children = (
				BEBA46942204EEA800E0D510 /* Studor.app */,
				0F86C07F223EEAB50062CB1C /* StudorUITests.xctest */,
				0F86C08E223EEB1D0062CB1C /* StudorTests.xctest */,
			);
			name = Products;
			sourceTree = "<group>";
		};
		BEBA46962204EEA800E0D510 /* Studor */ = {
			isa = PBXGroup;
			children = (
				BE1547EF223B52D100CA5A64 /* Events */,
				BEDFB96F220E479E005903C1 /* Messages */,
				BEDFB970220E47C1005903C1 /* Chat */,
				BEBA46972204EEA800E0D510 /* AppDelegate.swift */,
				0D7D25B5220B9D01004A87C3 /* SignUp.swift */,
				BEDFB95F220BADA6005903C1 /* LogInViewController.swift */,
				BEBA469B2204EEA800E0D510 /* Main.storyboard */,
				0F29068F22237318009E1B64 /* ViewProfileViewController.swift */,
				0D4762B9220F8F8D00A0F980 /* TabBarController.swift */,
				49025BB02210A91A00CD1B07 /* TagSearchViewController.swift */,
				58C28F212258380E00E34B5D /* ViewGroupProfileViewController.swift */,
				0D2C8FD3220A887800FC2AEA /* TagList.swift */,
				0D7D25BA220BA6A1004A87C3 /* TagData.rtf */,
				49A1D8DD22066A170039EE3F /* ProfileViewController.swift */,
				BEBA46AB2206674D00E0D510 /* ExploreTableViewCell.swift */,
				BEBA46A92206665D00E0D510 /* ExploreTableViewController.swift */,
				BEBA469E2204EEAA00E0D510 /* Assets.xcassets */,
				BEBA46A02204EEAA00E0D510 /* LaunchScreen.storyboard */,
				BEBA46A32204EEAA00E0D510 /* Info.plist */,
				0D032B82220A6D39001ED51E /* GoogleService-Info.plist */,
				651A83DA223EF4420054A69E /* DeleteTagsViewController.swift */,
				651A83DE223F08380054A69E /* DeleteTagsViewCell.swift */,
			);
			path = Studor;
			sourceTree = "<group>";
		};
		BEDFB96F220E479E005903C1 /* Messages */ = {
			isa = PBXGroup;
			children = (
				BE1547E9223B37EB00CA5A64 /* CreateGroupViewController.swift */,
				BEDFB969220E24B7005903C1 /* MessagesTableViewController.swift */,
				BEDFB96B220E3654005903C1 /* MessagesTableViewCell.swift */,
			);
			path = Messages;
			sourceTree = "<group>";
		};
		BEDFB970220E47C1005903C1 /* Chat */ = {
			isa = PBXGroup;
			children = (
				BEFEBDE922234EBB00EE9847 /* MessageKitViewController.swift */,
				BE1547F2223DCA7500CA5A64 /* InvitationViewController.swift */,
				0D4762BD2210D94500A0F980 /* StudorFirestore.swift */,
			);
			path = Chat;
			sourceTree = "<group>";
		};
/* End PBXGroup section */

/* Begin PBXNativeTarget section */
		0F86C07E223EEAB50062CB1C /* StudorUITests */ = {
			isa = PBXNativeTarget;
			buildConfigurationList = 0F86C086223EEAB50062CB1C /* Build configuration list for PBXNativeTarget "StudorUITests" */;
			buildPhases = (
				0F86C07B223EEAB50062CB1C /* Sources */,
				0F86C07C223EEAB50062CB1C /* Frameworks */,
				0F86C07D223EEAB50062CB1C /* Resources */,
			);
			buildRules = (
			);
			dependencies = (
				0F86C085223EEAB50062CB1C /* PBXTargetDependency */,
			);
			name = StudorUITests;
			productName = StudorUITests;
			productReference = 0F86C07F223EEAB50062CB1C /* StudorUITests.xctest */;
			productType = "com.apple.product-type.bundle.ui-testing";
		};
		0F86C08D223EEB1D0062CB1C /* StudorTests */ = {
			isa = PBXNativeTarget;
			buildConfigurationList = 0F86C095223EEB1D0062CB1C /* Build configuration list for PBXNativeTarget "StudorTests" */;
			buildPhases = (
				0F86C08A223EEB1D0062CB1C /* Sources */,
				0F86C08B223EEB1D0062CB1C /* Frameworks */,
				0F86C08C223EEB1D0062CB1C /* Resources */,
			);
			buildRules = (
			);
			dependencies = (
				0F86C094223EEB1D0062CB1C /* PBXTargetDependency */,
			);
			name = StudorTests;
			productName = StudorTests;
			productReference = 0F86C08E223EEB1D0062CB1C /* StudorTests.xctest */;
			productType = "com.apple.product-type.bundle.unit-test";
		};
		BEBA46932204EEA800E0D510 /* Studor */ = {
			isa = PBXNativeTarget;
			buildConfigurationList = BEBA46A62204EEAA00E0D510 /* Build configuration list for PBXNativeTarget "Studor" */;
			buildPhases = (
				BF48AEEE767EF5E4627C739D /* [CP] Check Pods Manifest.lock */,
				BEBA46902204EEA800E0D510 /* Sources */,
				BEBA46912204EEA800E0D510 /* Frameworks */,
				BEBA46922204EEA800E0D510 /* Resources */,
				CC7A776601617D932C0A6868 /* [CP] Embed Pods Frameworks */,
				BDC32CCE89C0F9D7716D9341 /* [CP] Copy Pods Resources */,
			);
			buildRules = (
			);
			dependencies = (
			);
			name = Studor;
			productName = Studor;
			productReference = BEBA46942204EEA800E0D510 /* Studor.app */;
			productType = "com.apple.product-type.application";
		};
/* End PBXNativeTarget section */

/* Begin PBXProject section */
		BEBA468C2204EEA800E0D510 /* Project object */ = {
			isa = PBXProject;
			attributes = {
				LastSwiftUpdateCheck = 1010;
				LastUpgradeCheck = 1010;
				ORGANIZATIONNAME = "James Ahrens";
				TargetAttributes = {
					0F86C07E223EEAB50062CB1C = {
						CreatedOnToolsVersion = 10.1;
						TestTargetID = BEBA46932204EEA800E0D510;
					};
					0F86C08D223EEB1D0062CB1C = {
						CreatedOnToolsVersion = 10.1;
						TestTargetID = BEBA46932204EEA800E0D510;
					};
					BEBA46932204EEA800E0D510 = {
						CreatedOnToolsVersion = 10.1;
					};
				};
			};
			buildConfigurationList = BEBA468F2204EEA800E0D510 /* Build configuration list for PBXProject "Studor" */;
			compatibilityVersion = "Xcode 9.3";
			developmentRegion = en;
			hasScannedForEncodings = 0;
			knownRegions = (
				en,
				Base,
			);
			mainGroup = BEBA468B2204EEA800E0D510;
			productRefGroup = BEBA46952204EEA800E0D510 /* Products */;
			projectDirPath = "";
			projectRoot = "";
			targets = (
				BEBA46932204EEA800E0D510 /* Studor */,
				0F86C07E223EEAB50062CB1C /* StudorUITests */,
				0F86C08D223EEB1D0062CB1C /* StudorTests */,
			);
		};
/* End PBXProject section */

/* Begin PBXResourcesBuildPhase section */
		0F86C07D223EEAB50062CB1C /* Resources */ = {
			isa = PBXResourcesBuildPhase;
			buildActionMask = 2147483647;
			files = (
			);
			runOnlyForDeploymentPostprocessing = 0;
		};
		0F86C08C223EEB1D0062CB1C /* Resources */ = {
			isa = PBXResourcesBuildPhase;
			buildActionMask = 2147483647;
			files = (
			);
			runOnlyForDeploymentPostprocessing = 0;
		};
		BEBA46922204EEA800E0D510 /* Resources */ = {
			isa = PBXResourcesBuildPhase;
			buildActionMask = 2147483647;
			files = (
				0D7D25BB220BA6A1004A87C3 /* TagData.rtf in Resources */,
				BEBA46A22204EEAA00E0D510 /* LaunchScreen.storyboard in Resources */,
				0D2C8FD2220A7A4200FC2AEA /* GoogleService-Info.plist in Resources */,
				BEBA469F2204EEAA00E0D510 /* Assets.xcassets in Resources */,
				BEBA469D2204EEA800E0D510 /* Main.storyboard in Resources */,
			);
			runOnlyForDeploymentPostprocessing = 0;
		};
/* End PBXResourcesBuildPhase section */

/* Begin PBXShellScriptBuildPhase section */
		BDC32CCE89C0F9D7716D9341 /* [CP] Copy Pods Resources */ = {
			isa = PBXShellScriptBuildPhase;
			buildActionMask = 2147483647;
			files = (
			);
			inputFileListPaths = (
			);
			inputPaths = (
				"${PODS_ROOT}/Target Support Files/Pods-Studor/Pods-Studor-resources.sh",
				"${PODS_CONFIGURATION_BUILD_DIR}/FirebaseUI/FirebaseAnonymousAuthUI.bundle",
				"${PODS_CONFIGURATION_BUILD_DIR}/FirebaseUI/FirebaseAuthUI.bundle",
				"${PODS_CONFIGURATION_BUILD_DIR}/FirebaseUI/FirebaseEmailAuthUI.bundle",
				"${PODS_CONFIGURATION_BUILD_DIR}/FirebaseUI/FirebaseFacebookAuthUI.bundle",
				"${PODS_CONFIGURATION_BUILD_DIR}/FirebaseUI/FirebaseGoogleAuthUI.bundle",
				"${PODS_CONFIGURATION_BUILD_DIR}/FirebaseUI/FirebasePhoneAuthUI.bundle",
				"${PODS_CONFIGURATION_BUILD_DIR}/FirebaseUI/FirebaseTwitterAuthUI.bundle",
				"${PODS_ROOT}/GoogleSignIn/Resources/GoogleSignIn.bundle",
				"${PODS_ROOT}/TwitterKit/iOS/TwitterKit.framework/TwitterKitResources.bundle",
			);
			name = "[CP] Copy Pods Resources";
			outputFileListPaths = (
			);
			outputPaths = (
				"${TARGET_BUILD_DIR}/${UNLOCALIZED_RESOURCES_FOLDER_PATH}/FirebaseAnonymousAuthUI.bundle",
				"${TARGET_BUILD_DIR}/${UNLOCALIZED_RESOURCES_FOLDER_PATH}/FirebaseAuthUI.bundle",
				"${TARGET_BUILD_DIR}/${UNLOCALIZED_RESOURCES_FOLDER_PATH}/FirebaseEmailAuthUI.bundle",
				"${TARGET_BUILD_DIR}/${UNLOCALIZED_RESOURCES_FOLDER_PATH}/FirebaseFacebookAuthUI.bundle",
				"${TARGET_BUILD_DIR}/${UNLOCALIZED_RESOURCES_FOLDER_PATH}/FirebaseGoogleAuthUI.bundle",
				"${TARGET_BUILD_DIR}/${UNLOCALIZED_RESOURCES_FOLDER_PATH}/FirebasePhoneAuthUI.bundle",
				"${TARGET_BUILD_DIR}/${UNLOCALIZED_RESOURCES_FOLDER_PATH}/FirebaseTwitterAuthUI.bundle",
				"${TARGET_BUILD_DIR}/${UNLOCALIZED_RESOURCES_FOLDER_PATH}/GoogleSignIn.bundle",
				"${TARGET_BUILD_DIR}/${UNLOCALIZED_RESOURCES_FOLDER_PATH}/TwitterKitResources.bundle",
			);
			runOnlyForDeploymentPostprocessing = 0;
			shellPath = /bin/sh;
			shellScript = "\"${PODS_ROOT}/Target Support Files/Pods-Studor/Pods-Studor-resources.sh\"\n";
			showEnvVarsInLog = 0;
		};
		BF48AEEE767EF5E4627C739D /* [CP] Check Pods Manifest.lock */ = {
			isa = PBXShellScriptBuildPhase;
			buildActionMask = 2147483647;
			files = (
			);
			inputFileListPaths = (
			);
			inputPaths = (
				"${PODS_PODFILE_DIR_PATH}/Podfile.lock",
				"${PODS_ROOT}/Manifest.lock",
			);
			name = "[CP] Check Pods Manifest.lock";
			outputFileListPaths = (
			);
			outputPaths = (
				"$(DERIVED_FILE_DIR)/Pods-Studor-checkManifestLockResult.txt",
			);
			runOnlyForDeploymentPostprocessing = 0;
			shellPath = /bin/sh;
			shellScript = "diff \"${PODS_PODFILE_DIR_PATH}/Podfile.lock\" \"${PODS_ROOT}/Manifest.lock\" > /dev/null\nif [ $? != 0 ] ; then\n    # print error to STDERR\n    echo \"error: The sandbox is not in sync with the Podfile.lock. Run 'pod install' or update your CocoaPods installation.\" >&2\n    exit 1\nfi\n# This output is used by Xcode 'outputs' to avoid re-running this script phase.\necho \"SUCCESS\" > \"${SCRIPT_OUTPUT_FILE_0}\"\n";
			showEnvVarsInLog = 0;
		};
		CC7A776601617D932C0A6868 /* [CP] Embed Pods Frameworks */ = {
			isa = PBXShellScriptBuildPhase;
			buildActionMask = 2147483647;
			files = (
			);
			inputFileListPaths = (
			);
			inputPaths = (
				"${PODS_ROOT}/Target Support Files/Pods-Studor/Pods-Studor-frameworks.sh",
				"${BUILT_PRODUCTS_DIR}/Bolts/Bolts.framework",
				"${BUILT_PRODUCTS_DIR}/BoringSSL-GRPC/openssl_grpc.framework",
				"${BUILT_PRODUCTS_DIR}/FBSDKCoreKit/FBSDKCoreKit.framework",
				"${BUILT_PRODUCTS_DIR}/FBSDKLoginKit/FBSDKLoginKit.framework",
				"${BUILT_PRODUCTS_DIR}/GTMSessionFetcher/GTMSessionFetcher.framework",
				"${BUILT_PRODUCTS_DIR}/GoogleToolboxForMac/GoogleToolboxForMac.framework",
				"${BUILT_PRODUCTS_DIR}/GoogleUtilities/GoogleUtilities.framework",
				"${BUILT_PRODUCTS_DIR}/MessageInputBar/MessageInputBar.framework",
				"${BUILT_PRODUCTS_DIR}/MessageKit/MessageKit.framework",
				"${BUILT_PRODUCTS_DIR}/PaddingLabel/PaddingLabel.framework",
				"${BUILT_PRODUCTS_DIR}/Protobuf/Protobuf.framework",
				"${BUILT_PRODUCTS_DIR}/SDWebImage/SDWebImage.framework",
				"${PODS_ROOT}/SendBirdSDK/SendBirdSDK.framework",
				"${PODS_ROOT}/TwitterCore/iOS/TwitterCore.framework",
				"${PODS_ROOT}/TwitterKit/iOS/TwitterKit.framework",
				"${BUILT_PRODUCTS_DIR}/gRPC-C++/grpcpp.framework",
				"${BUILT_PRODUCTS_DIR}/gRPC-Core/grpc.framework",
				"${BUILT_PRODUCTS_DIR}/iOSDropDown/iOSDropDown.framework",
				"${BUILT_PRODUCTS_DIR}/leveldb-library/leveldb.framework",
				"${BUILT_PRODUCTS_DIR}/nanopb/nanopb.framework",
			);
			name = "[CP] Embed Pods Frameworks";
			outputFileListPaths = (
			);
			outputPaths = (
				"${TARGET_BUILD_DIR}/${FRAMEWORKS_FOLDER_PATH}/Bolts.framework",
				"${TARGET_BUILD_DIR}/${FRAMEWORKS_FOLDER_PATH}/openssl_grpc.framework",
				"${TARGET_BUILD_DIR}/${FRAMEWORKS_FOLDER_PATH}/FBSDKCoreKit.framework",
				"${TARGET_BUILD_DIR}/${FRAMEWORKS_FOLDER_PATH}/FBSDKLoginKit.framework",
				"${TARGET_BUILD_DIR}/${FRAMEWORKS_FOLDER_PATH}/GTMSessionFetcher.framework",
				"${TARGET_BUILD_DIR}/${FRAMEWORKS_FOLDER_PATH}/GoogleToolboxForMac.framework",
				"${TARGET_BUILD_DIR}/${FRAMEWORKS_FOLDER_PATH}/GoogleUtilities.framework",
				"${TARGET_BUILD_DIR}/${FRAMEWORKS_FOLDER_PATH}/MessageInputBar.framework",
				"${TARGET_BUILD_DIR}/${FRAMEWORKS_FOLDER_PATH}/MessageKit.framework",
				"${TARGET_BUILD_DIR}/${FRAMEWORKS_FOLDER_PATH}/PaddingLabel.framework",
				"${TARGET_BUILD_DIR}/${FRAMEWORKS_FOLDER_PATH}/Protobuf.framework",
				"${TARGET_BUILD_DIR}/${FRAMEWORKS_FOLDER_PATH}/SDWebImage.framework",
				"${TARGET_BUILD_DIR}/${FRAMEWORKS_FOLDER_PATH}/SendBirdSDK.framework",
				"${TARGET_BUILD_DIR}/${FRAMEWORKS_FOLDER_PATH}/TwitterCore.framework",
				"${TARGET_BUILD_DIR}/${FRAMEWORKS_FOLDER_PATH}/TwitterKit.framework",
				"${TARGET_BUILD_DIR}/${FRAMEWORKS_FOLDER_PATH}/grpcpp.framework",
				"${TARGET_BUILD_DIR}/${FRAMEWORKS_FOLDER_PATH}/grpc.framework",
				"${TARGET_BUILD_DIR}/${FRAMEWORKS_FOLDER_PATH}/iOSDropDown.framework",
				"${TARGET_BUILD_DIR}/${FRAMEWORKS_FOLDER_PATH}/leveldb.framework",
				"${TARGET_BUILD_DIR}/${FRAMEWORKS_FOLDER_PATH}/nanopb.framework",
			);
			runOnlyForDeploymentPostprocessing = 0;
			shellPath = /bin/sh;
			shellScript = "\"${PODS_ROOT}/Target Support Files/Pods-Studor/Pods-Studor-frameworks.sh\"\n";
			showEnvVarsInLog = 0;
		};
/* End PBXShellScriptBuildPhase section */

/* Begin PBXSourcesBuildPhase section */
		0F86C07B223EEAB50062CB1C /* Sources */ = {
			isa = PBXSourcesBuildPhase;
			buildActionMask = 2147483647;
			files = (
				0F86C082223EEAB50062CB1C /* StudorUITests.swift in Sources */,
				0F86C089223EEABE0062CB1C /* LogInUITest.swift in Sources */,
			);
			runOnlyForDeploymentPostprocessing = 0;
		};
		0F86C08A223EEB1D0062CB1C /* Sources */ = {
			isa = PBXSourcesBuildPhase;
			buildActionMask = 2147483647;
			files = (
				0F86C091223EEB1D0062CB1C /* StudorTests.swift in Sources */,
			);
			runOnlyForDeploymentPostprocessing = 0;
		};
		BEBA46902204EEA800E0D510 /* Sources */ = {
			isa = PBXSourcesBuildPhase;
			buildActionMask = 2147483647;
			files = (
				651A83DF223F08380054A69E /* DeleteTagsViewCell.swift in Sources */,
				0D2C8FD4220A887800FC2AEA /* TagList.swift in Sources */,
				0F29069022237318009E1B64 /* ViewProfileViewController.swift in Sources */,
				BEDFB966220CD643005903C1 /* ScheduleTableViewCell.swift in Sources */,
				BEBA46AA2206665D00E0D510 /* ExploreTableViewController.swift in Sources */,
				0D4762BA220F8F8D00A0F980 /* TabBarController.swift in Sources */,
				0D7D25B9220B9D02004A87C3 /* SignUp.swift in Sources */,
				BEFEBDEA22234EBB00EE9847 /* MessageKitViewController.swift in Sources */,
				BEDFB96C220E3654005903C1 /* MessagesTableViewCell.swift in Sources */,
				BE1547EA223B37EB00CA5A64 /* CreateGroupViewController.swift in Sources */,
				BE1547EE223B52BB00CA5A64 /* EventViewController.swift in Sources */,
				0D4762BE2210D94500A0F980 /* StudorFirestore.swift in Sources */,
				49A1D8DE22066A170039EE3F /* ProfileViewController.swift in Sources */,
				BE1547EC223B4D2600CA5A64 /* EventCreatorViewController.swift in Sources */,
				BEDFB96A220E24B7005903C1 /* MessagesTableViewController.swift in Sources */,
				58C28F222258380E00E34B5D /* ViewGroupProfileViewController.swift in Sources */,
				651A83DB223EF4420054A69E /* DeleteTagsViewController.swift in Sources */,
				BE1547F1223BDF4B00CA5A64 /* EditEventViewController.swift in Sources */,
				BE1547F3223DCA7500CA5A64 /* InvitationViewController.swift in Sources */,
				49025BB12210A91A00CD1B07 /* TagSearchViewController.swift in Sources */,
				BEDFB964220CD618005903C1 /* ScheduleTableViewController.swift in Sources */,
				BEBA46982204EEA800E0D510 /* AppDelegate.swift in Sources */,
				BEDFB960220BADA6005903C1 /* LogInViewController.swift in Sources */,
				BEBA46AC2206674D00E0D510 /* ExploreTableViewCell.swift in Sources */,
			);
			runOnlyForDeploymentPostprocessing = 0;
		};
/* End PBXSourcesBuildPhase section */

/* Begin PBXTargetDependency section */
		0F86C085223EEAB50062CB1C /* PBXTargetDependency */ = {
			isa = PBXTargetDependency;
			target = BEBA46932204EEA800E0D510 /* Studor */;
			targetProxy = 0F86C084223EEAB50062CB1C /* PBXContainerItemProxy */;
		};
		0F86C094223EEB1D0062CB1C /* PBXTargetDependency */ = {
			isa = PBXTargetDependency;
			target = BEBA46932204EEA800E0D510 /* Studor */;
			targetProxy = 0F86C093223EEB1D0062CB1C /* PBXContainerItemProxy */;
		};
/* End PBXTargetDependency section */

/* Begin PBXVariantGroup section */
		BEBA469B2204EEA800E0D510 /* Main.storyboard */ = {
			isa = PBXVariantGroup;
			children = (
				BEBA469C2204EEA800E0D510 /* Base */,
			);
			name = Main.storyboard;
			sourceTree = "<group>";
		};
		BEBA46A02204EEAA00E0D510 /* LaunchScreen.storyboard */ = {
			isa = PBXVariantGroup;
			children = (
				BEBA46A12204EEAA00E0D510 /* Base */,
			);
			name = LaunchScreen.storyboard;
			sourceTree = "<group>";
		};
/* End PBXVariantGroup section */

/* Begin XCBuildConfiguration section */
		0F86C087223EEAB50062CB1C /* Debug */ = {
			isa = XCBuildConfiguration;
			buildSettings = {
				CODE_SIGN_STYLE = Automatic;
				INFOPLIST_FILE = StudorUITests/Info.plist;
				LD_RUNPATH_SEARCH_PATHS = (
					"$(inherited)",
					"@executable_path/Frameworks",
					"@loader_path/Frameworks",
				);
				PRODUCT_BUNDLE_IDENTIFIER = team1.StudorUITests;
				PRODUCT_NAME = "$(TARGET_NAME)";
				SWIFT_VERSION = 4.2;
				TARGETED_DEVICE_FAMILY = "1,2";
				TEST_TARGET_NAME = Studor;
			};
			name = Debug;
		};
		0F86C088223EEAB50062CB1C /* Release */ = {
			isa = XCBuildConfiguration;
			buildSettings = {
				CODE_SIGN_STYLE = Automatic;
				INFOPLIST_FILE = StudorUITests/Info.plist;
				LD_RUNPATH_SEARCH_PATHS = (
					"$(inherited)",
					"@executable_path/Frameworks",
					"@loader_path/Frameworks",
				);
				PRODUCT_BUNDLE_IDENTIFIER = team1.StudorUITests;
				PRODUCT_NAME = "$(TARGET_NAME)";
				SWIFT_VERSION = 4.2;
				TARGETED_DEVICE_FAMILY = "1,2";
				TEST_TARGET_NAME = Studor;
			};
			name = Release;
		};
		0F86C096223EEB1D0062CB1C /* Debug */ = {
			isa = XCBuildConfiguration;
			buildSettings = {
				BUNDLE_LOADER = "$(TEST_HOST)";
				CODE_SIGN_STYLE = Automatic;
				INFOPLIST_FILE = StudorTests/Info.plist;
				LD_RUNPATH_SEARCH_PATHS = (
					"$(inherited)",
					"@executable_path/Frameworks",
					"@loader_path/Frameworks",
				);
				PRODUCT_BUNDLE_IDENTIFIER = team1.StudorTests;
				PRODUCT_NAME = "$(TARGET_NAME)";
				SWIFT_VERSION = 4.2;
				TARGETED_DEVICE_FAMILY = "1,2";
				TEST_HOST = "$(BUILT_PRODUCTS_DIR)/Studor.app/Studor";
			};
			name = Debug;
		};
		0F86C097223EEB1D0062CB1C /* Release */ = {
			isa = XCBuildConfiguration;
			buildSettings = {
				BUNDLE_LOADER = "$(TEST_HOST)";
				CODE_SIGN_STYLE = Automatic;
				INFOPLIST_FILE = StudorTests/Info.plist;
				LD_RUNPATH_SEARCH_PATHS = (
					"$(inherited)",
					"@executable_path/Frameworks",
					"@loader_path/Frameworks",
				);
				PRODUCT_BUNDLE_IDENTIFIER = team1.StudorTests;
				PRODUCT_NAME = "$(TARGET_NAME)";
				SWIFT_VERSION = 4.2;
				TARGETED_DEVICE_FAMILY = "1,2";
				TEST_HOST = "$(BUILT_PRODUCTS_DIR)/Studor.app/Studor";
			};
			name = Release;
		};
		BEBA46A42204EEAA00E0D510 /* Debug */ = {
			isa = XCBuildConfiguration;
			buildSettings = {
				ALWAYS_SEARCH_USER_PATHS = NO;
				CLANG_ANALYZER_NONNULL = YES;
				CLANG_ANALYZER_NUMBER_OBJECT_CONVERSION = YES_AGGRESSIVE;
				CLANG_CXX_LANGUAGE_STANDARD = "gnu++14";
				CLANG_CXX_LIBRARY = "libc++";
				CLANG_ENABLE_MODULES = YES;
				CLANG_ENABLE_OBJC_ARC = YES;
				CLANG_ENABLE_OBJC_WEAK = YES;
				CLANG_WARN_BLOCK_CAPTURE_AUTORELEASING = YES;
				CLANG_WARN_BOOL_CONVERSION = YES;
				CLANG_WARN_COMMA = YES;
				CLANG_WARN_CONSTANT_CONVERSION = YES;
				CLANG_WARN_DEPRECATED_OBJC_IMPLEMENTATIONS = YES;
				CLANG_WARN_DIRECT_OBJC_ISA_USAGE = YES_ERROR;
				CLANG_WARN_DOCUMENTATION_COMMENTS = YES;
				CLANG_WARN_EMPTY_BODY = YES;
				CLANG_WARN_ENUM_CONVERSION = YES;
				CLANG_WARN_INFINITE_RECURSION = YES;
				CLANG_WARN_INT_CONVERSION = YES;
				CLANG_WARN_NON_LITERAL_NULL_CONVERSION = YES;
				CLANG_WARN_OBJC_IMPLICIT_RETAIN_SELF = YES;
				CLANG_WARN_OBJC_LITERAL_CONVERSION = YES;
				CLANG_WARN_OBJC_ROOT_CLASS = YES_ERROR;
				CLANG_WARN_RANGE_LOOP_ANALYSIS = YES;
				CLANG_WARN_STRICT_PROTOTYPES = YES;
				CLANG_WARN_SUSPICIOUS_MOVE = YES;
				CLANG_WARN_UNGUARDED_AVAILABILITY = YES_AGGRESSIVE;
				CLANG_WARN_UNREACHABLE_CODE = YES;
				CLANG_WARN__DUPLICATE_METHOD_MATCH = YES;
				CODE_SIGN_IDENTITY = "iPhone Developer";
				COPY_PHASE_STRIP = NO;
				DEBUG_INFORMATION_FORMAT = dwarf;
				ENABLE_STRICT_OBJC_MSGSEND = YES;
				ENABLE_TESTABILITY = YES;
				GCC_C_LANGUAGE_STANDARD = gnu11;
				GCC_DYNAMIC_NO_PIC = NO;
				GCC_NO_COMMON_BLOCKS = YES;
				GCC_OPTIMIZATION_LEVEL = 0;
				GCC_PREPROCESSOR_DEFINITIONS = (
					"DEBUG=1",
					"$(inherited)",
				);
				GCC_WARN_64_TO_32_BIT_CONVERSION = YES;
				GCC_WARN_ABOUT_RETURN_TYPE = YES_ERROR;
				GCC_WARN_UNDECLARED_SELECTOR = YES;
				GCC_WARN_UNINITIALIZED_AUTOS = YES_AGGRESSIVE;
				GCC_WARN_UNUSED_FUNCTION = YES;
				GCC_WARN_UNUSED_VARIABLE = YES;
				IPHONEOS_DEPLOYMENT_TARGET = 12.1;
				MTL_ENABLE_DEBUG_INFO = INCLUDE_SOURCE;
				MTL_FAST_MATH = YES;
				ONLY_ACTIVE_ARCH = YES;
				SDKROOT = iphoneos;
				SWIFT_ACTIVE_COMPILATION_CONDITIONS = DEBUG;
				SWIFT_OPTIMIZATION_LEVEL = "-Onone";
			};
			name = Debug;
		};
		BEBA46A52204EEAA00E0D510 /* Release */ = {
			isa = XCBuildConfiguration;
			buildSettings = {
				ALWAYS_SEARCH_USER_PATHS = NO;
				CLANG_ANALYZER_NONNULL = YES;
				CLANG_ANALYZER_NUMBER_OBJECT_CONVERSION = YES_AGGRESSIVE;
				CLANG_CXX_LANGUAGE_STANDARD = "gnu++14";
				CLANG_CXX_LIBRARY = "libc++";
				CLANG_ENABLE_MODULES = YES;
				CLANG_ENABLE_OBJC_ARC = YES;
				CLANG_ENABLE_OBJC_WEAK = YES;
				CLANG_WARN_BLOCK_CAPTURE_AUTORELEASING = YES;
				CLANG_WARN_BOOL_CONVERSION = YES;
				CLANG_WARN_COMMA = YES;
				CLANG_WARN_CONSTANT_CONVERSION = YES;
				CLANG_WARN_DEPRECATED_OBJC_IMPLEMENTATIONS = YES;
				CLANG_WARN_DIRECT_OBJC_ISA_USAGE = YES_ERROR;
				CLANG_WARN_DOCUMENTATION_COMMENTS = YES;
				CLANG_WARN_EMPTY_BODY = YES;
				CLANG_WARN_ENUM_CONVERSION = YES;
				CLANG_WARN_INFINITE_RECURSION = YES;
				CLANG_WARN_INT_CONVERSION = YES;
				CLANG_WARN_NON_LITERAL_NULL_CONVERSION = YES;
				CLANG_WARN_OBJC_IMPLICIT_RETAIN_SELF = YES;
				CLANG_WARN_OBJC_LITERAL_CONVERSION = YES;
				CLANG_WARN_OBJC_ROOT_CLASS = YES_ERROR;
				CLANG_WARN_RANGE_LOOP_ANALYSIS = YES;
				CLANG_WARN_STRICT_PROTOTYPES = YES;
				CLANG_WARN_SUSPICIOUS_MOVE = YES;
				CLANG_WARN_UNGUARDED_AVAILABILITY = YES_AGGRESSIVE;
				CLANG_WARN_UNREACHABLE_CODE = YES;
				CLANG_WARN__DUPLICATE_METHOD_MATCH = YES;
				CODE_SIGN_IDENTITY = "iPhone Developer";
				COPY_PHASE_STRIP = NO;
				DEBUG_INFORMATION_FORMAT = "dwarf-with-dsym";
				ENABLE_NS_ASSERTIONS = NO;
				ENABLE_STRICT_OBJC_MSGSEND = YES;
				GCC_C_LANGUAGE_STANDARD = gnu11;
				GCC_NO_COMMON_BLOCKS = YES;
				GCC_WARN_64_TO_32_BIT_CONVERSION = YES;
				GCC_WARN_ABOUT_RETURN_TYPE = YES_ERROR;
				GCC_WARN_UNDECLARED_SELECTOR = YES;
				GCC_WARN_UNINITIALIZED_AUTOS = YES_AGGRESSIVE;
				GCC_WARN_UNUSED_FUNCTION = YES;
				GCC_WARN_UNUSED_VARIABLE = YES;
				IPHONEOS_DEPLOYMENT_TARGET = 12.1;
				MTL_ENABLE_DEBUG_INFO = NO;
				MTL_FAST_MATH = YES;
				SDKROOT = iphoneos;
				SWIFT_COMPILATION_MODE = wholemodule;
				SWIFT_OPTIMIZATION_LEVEL = "-O";
				VALIDATE_PRODUCT = YES;
			};
			name = Release;
		};
		BEBA46A72204EEAA00E0D510 /* Debug */ = {
			isa = XCBuildConfiguration;
			baseConfigurationReference = 933E2813286819B28FAFF75F /* Pods-Studor.debug.xcconfig */;
			buildSettings = {
				ASSETCATALOG_COMPILER_APPICON_NAME = AppIcon;
				CODE_SIGN_IDENTITY = "iPhone Developer";
				CODE_SIGN_STYLE = Automatic;
				DEVELOPMENT_TEAM = 439UBVLQJZ;
				INFOPLIST_FILE = Studor/Info.plist;
				LD_RUNPATH_SEARCH_PATHS = (
					"$(inherited)",
					"@executable_path/Frameworks",
				);
				PRODUCT_BUNDLE_IDENTIFIER = "GCC.Studor-02";
				PRODUCT_NAME = "$(TARGET_NAME)";
				PROVISIONING_PROFILE_SPECIFIER = "";
				SWIFT_VERSION = 4.2;
				TARGETED_DEVICE_FAMILY = "1,2";
			};
			name = Debug;
		};
		BEBA46A82204EEAA00E0D510 /* Release */ = {
			isa = XCBuildConfiguration;
			baseConfigurationReference = C3F2A43405E5A6339E092E11 /* Pods-Studor.release.xcconfig */;
			buildSettings = {
				ASSETCATALOG_COMPILER_APPICON_NAME = AppIcon;
				CODE_SIGN_IDENTITY = "iPhone Developer";
				CODE_SIGN_STYLE = Automatic;
				DEVELOPMENT_TEAM = 439UBVLQJZ;
				INFOPLIST_FILE = Studor/Info.plist;
				LD_RUNPATH_SEARCH_PATHS = (
					"$(inherited)",
					"@executable_path/Frameworks",
				);
				PRODUCT_BUNDLE_IDENTIFIER = "GCC.Studor-02";
				PRODUCT_NAME = "$(TARGET_NAME)";
				PROVISIONING_PROFILE_SPECIFIER = "";
				SWIFT_VERSION = 4.2;
				TARGETED_DEVICE_FAMILY = "1,2";
			};
			name = Release;
		};
/* End XCBuildConfiguration section */

/* Begin XCConfigurationList section */
		0F86C086223EEAB50062CB1C /* Build configuration list for PBXNativeTarget "StudorUITests" */ = {
			isa = XCConfigurationList;
			buildConfigurations = (
				0F86C087223EEAB50062CB1C /* Debug */,
				0F86C088223EEAB50062CB1C /* Release */,
			);
			defaultConfigurationIsVisible = 0;
			defaultConfigurationName = Release;
		};
		0F86C095223EEB1D0062CB1C /* Build configuration list for PBXNativeTarget "StudorTests" */ = {
			isa = XCConfigurationList;
			buildConfigurations = (
				0F86C096223EEB1D0062CB1C /* Debug */,
				0F86C097223EEB1D0062CB1C /* Release */,
			);
			defaultConfigurationIsVisible = 0;
			defaultConfigurationName = Release;
		};
		BEBA468F2204EEA800E0D510 /* Build configuration list for PBXProject "Studor" */ = {
			isa = XCConfigurationList;
			buildConfigurations = (
				BEBA46A42204EEAA00E0D510 /* Debug */,
				BEBA46A52204EEAA00E0D510 /* Release */,
			);
			defaultConfigurationIsVisible = 0;
			defaultConfigurationName = Release;
		};
		BEBA46A62204EEAA00E0D510 /* Build configuration list for PBXNativeTarget "Studor" */ = {
			isa = XCConfigurationList;
			buildConfigurations = (
				BEBA46A72204EEAA00E0D510 /* Debug */,
				BEBA46A82204EEAA00E0D510 /* Release */,
			);
			defaultConfigurationIsVisible = 0;
			defaultConfigurationName = Release;
		};
/* End XCConfigurationList section */
	};
	rootObject = BEBA468C2204EEA800E0D510 /* Project object */;
}
